
Microsoft Visual Studio Solution File, Format Version 12.00
# Visual Studio 15
VisualStudioVersion = 15.0.26430.15
MinimumVisualStudioVersion = 10.0.40219.1
Project("{FAE04EC0-301F-11D3-BF4B-00C04F79EFBC}") = "WpfApp1", "WpfApp1\WpfApp1.csproj", "{C30F4379-FFB7-43FB-8F3F-5261E839CB46}"
EndProject
Global
	GlobalSection(SolutionConfigurationPlatforms) = preSolution
		Debug|Any CPU = Debug|Any CPU
		Release|Any CPU = Release|Any CPU
	EndGlobalSection
	GlobalSection(ProjectConfigurationPlatforms) = postSolution
		{C30F4379-FFB7-43FB-8F3F-5261E839CB46}.Debug|Any CPU.ActiveCfg = Debug|Any CPU
		{C30F4379-FFB7-43FB-8F3F-5261E839CB46}.Debug|Any CPU.Build.0 = Debug|Any CPU
		{C30F4379-FFB7-43FB-8F3F-5261E839CB46}.Release|Any CPU.ActiveCfg = Release|Any CPU
		{C30F4379-FFB7-43FB-8F3F-5261E839CB46}.Release|Any CPU.Build.0 = Release|Any CPU
	EndGlobalSection
	GlobalSection(SolutionProperties) = preSolution
		HideSolutionNode = FALSE
	EndGlobalSection
EndGlobal
